
Microsoft Visual Studio Solution File, Format Version 12.00
# Visual Studio Version 17
VisualStudioVersion = 17.14.36811.4 d17.14
MinimumVisualStudioVersion = 10.0.40219.1
Project("{8BC9CEB8-8B4A-11D0-8D11-00A0C91BC942}") = "LAB08_01", "LAB08_01.vcxproj", "{59346DC7-1B50-414C-964A-8885A90A045D}"
EndProject
Project("{8BC9CEB8-8B4A-11D0-8D11-00A0C91BC942}") = "LAB08_02", "..\LAB08_02\LAB08_02.vcxproj", "{037D70FE-538B-4F53-8E69-2A4B24D9B8E9}"
EndProject
Project("{8BC9CEB8-8B4A-11D0-8D11-00A0C91BC942}") = "LAB08_03", "..\LAB08_03\LAB08_03.vcxproj", "{64EA1E75-88DA-4B9B-92FF-DB93D34262D9}"
EndProject
Project("{8BC9CEB8-8B4A-11D0-8D11-00A0C91BC942}") = "LAB08_04", "..\LAB08_04\LAB08_04.vcxproj", "{C767D008-0138-42BC-B1C6-8DA8CEAEB4F8}"
EndProject
Project("{8BC9CEB8-8B4A-11D0-8D11-00A0C91BC942}") = "LAB08_05", "..\LAB08_05\LAB08_05.vcxproj", "{F9574CE5-70FC-4B21-805C-353DA6086850}"
EndProject
Project("{8BC9CEB8-8B4A-11D0-8D11-00A0C91BC942}") = "LAB08_06", "..\LAB08_06\LAB08_06.vcxproj", "{642773BF-BF99-4FDF-BA1E-8DA527741B2C}"
EndProject
Project("{8BC9CEB8-8B4A-11D0-8D11-00A0C91BC942}") = "LAB08_07", "..\LAB08_07\LAB08_07.vcxproj", "{5C8A1EE6-FCD9-4D01-A91D-377C932E3598}"
EndProject
Global
	GlobalSection(SolutionConfigurationPlatforms) = preSolution
		Debug|x64 = Debug|x64
		Debug|x86 = Debug|x86
		Release|x64 = Release|x64
		Release|x86 = Release|x86
	EndGlobalSection
	GlobalSection(ProjectConfigurationPlatforms) = postSolution
		{59346DC7-1B50-414C-964A-8885A90A045D}.Debug|x64.ActiveCfg = Debug|x64
		{59346DC7-1B50-414C-964A-8885A90A045D}.Debug|x64.Build.0 = Debug|x64
		{59346DC7-1B50-414C-964A-8885A90A045D}.Debug|x86.ActiveCfg = Debug|Win32
		{59346DC7-1B50-414C-964A-8885A90A045D}.Debug|x86.Build.0 = Debug|Win32
		{59346DC7-1B50-414C-964A-8885A90A045D}.Release|x64.ActiveCfg = Release|x64
		{59346DC7-1B50-414C-964A-8885A90A045D}.Release|x64.Build.0 = Release|x64
		{59346DC7-1B50-414C-964A-8885A90A045D}.Release|x86.ActiveCfg = Release|Win32
		{59346DC7-1B50-414C-964A-8885A90A045D}.Release|x86.Build.0 = Release|Win32
		{037D70FE-538B-4F53-8E69-2A4B24D9B8E9}.Debug|x64.ActiveCfg = Debug|x64
		{037D70FE-538B-4F53-8E69-2A4B24D9B8E9}.Debug|x64.Build.0 = Debug|x64
		{037D70FE-538B-4F53-8E69-2A4B24D9B8E9}.Debug|x86.ActiveCfg = Debug|Win32
		{037D70FE-538B-4F53-8E69-2A4B24D9B8E9}.Debug|x86.Build.0 = Debug|Win32
		{037D70FE-538B-4F53-8E69-2A4B24D9B8E9}.Release|x64.ActiveCfg = Release|x64
		{037D70FE-538B-4F53-8E69-2A4B24D9B8E9}.Release|x64.Build.0 = Release|x64
		{037D70FE-538B-4F53-8E69-2A4B24D9B8E9}.Release|x86.ActiveCfg = Release|Win32
		{037D70FE-538B-4F53-8E69-2A4B24D9B8E9}.Release|x86.Build.0 = Release|Win32
		{64EA1E75-88DA-4B9B-92FF-DB93D34262D9}.Debug|x64.ActiveCfg = Debug|x64
		{64EA1E75-88DA-4B9B-92FF-DB93D34262D9}.Debug|x64.Build.0 = Debug|x64
		{64EA1E75-88DA-4B9B-92FF-DB93D34262D9}.Debug|x86.ActiveCfg = Debug|Win32
		{64EA1E75-88DA-4B9B-92FF-DB93D34262D9}.Debug|x86.Build.0 = Debug|Win32
		{64EA1E75-88DA-4B9B-92FF-DB93D34262D9}.Release|x64.ActiveCfg = Release|x64
		{64EA1E75-88DA-4B9B-92FF-DB93D34262D9}.Release|x64.Build.0 = Release|x64
		{64EA1E75-88DA-4B9B-92FF-DB93D34262D9}.Release|x86.ActiveCfg = Release|Win32
		{64EA1E75-88DA-4B9B-92FF-DB93D34262D9}.Release|x86.Build.0 = Release|Win32
		{C767D008-0138-42BC-B1C6-8DA8CEAEB4F8}.Debug|x64.ActiveCfg = Debug|x64
		{C767D008-0138-42BC-B1C6-8DA8CEAEB4F8}.Debug|x64.Build.0 = Debug|x64
		{C767D008-0138-42BC-B1C6-8DA8CEAEB4F8}.Debug|x86.ActiveCfg = Debug|Win32
		{C767D008-0138-42BC-B1C6-8DA8CEAEB4F8}.Debug|x86.Build.0 = Debug|Win32
		{C767D008-0138-42BC-B1C6-8DA8CEAEB4F8}.Release|x64.ActiveCfg = Release|x64
		{C767D008-0138-42BC-B1C6-8DA8CEAEB4F8}.Release|x64.Build.0 = Release|x64
		{C767D008-0138-42BC-B1C6-8DA8CEAEB4F8}.Release|x86.ActiveCfg = Release|Win32
		{C767D008-0138-42BC-B1C6-8DA8CEAEB4F8}.Release|x86.Build.0 = Release|Win32
		{F9574CE5-70FC-4B21-805C-353DA6086850}.Debug|x64.ActiveCfg = Debug|x64
		{F9574CE5-70FC-4B21-805C-353DA6086850}.Debug|x64.Build.0 = Debug|x64
		{F9574CE5-70FC-4B21-805C-353DA6086850}.Debug|x86.ActiveCfg = Debug|Win32
		{F9574CE5-70FC-4B21-805C-353DA6086850}.Debug|x86.Build.0 = Debug|Win32
		{F9574CE5-70FC-4B21-805C-353DA6086850}.Release|x64.ActiveCfg = Release|x64
		{F9574CE5-70FC-4B21-805C-353DA6086850}.Release|x64.Build.0 = Release|x64
		{F9574CE5-70FC-4B21-805C-353DA6086850}.Release|x86.ActiveCfg = Release|Win32
		{F9574CE5-70FC-4B21-805C-353DA6086850}.Release|x86.Build.0 = Release|Win32
		{642773BF-BF99-4FDF-BA1E-8DA527741B2C}.Debug|x64.ActiveCfg = Debug|x64
		{642773BF-BF99-4FDF-BA1E-8DA527741B2C}.Debug|x64.Build.0 = Debug|x64
		{642773BF-BF99-4FDF-BA1E-8DA527741B2C}.Debug|x86.ActiveCfg = Debug|Win32
		{642773BF-BF99-4FDF-BA1E-8DA527741B2C}.Debug|x86.Build.0 = Debug|Win32
		{642773BF-BF99-4FDF-BA1E-8DA527741B2C}.Release|x64.ActiveCfg = Release|x64
		{642773BF-BF99-4FDF-BA1E-8DA527741B2C}.Release|x64.Build.0 = Release|x64
		{642773BF-BF99-4FDF-BA1E-8DA527741B2C}.Release|x86.ActiveCfg = Release|Win32
		{642773BF-BF99-4FDF-BA1E-8DA527741B2C}.Release|x86.Build.0 = Release|Win32
		{5C8A1EE6-FCD9-4D01-A91D-377C932E3598}.Debug|x64.ActiveCfg = Debug|x64
		{5C8A1EE6-FCD9-4D01-A91D-377C932E3598}.Debug|x64.Build.0 = Debug|x64
		{5C8A1EE6-FCD9-4D01-A91D-377C932E3598}.Debug|x86.ActiveCfg = Debug|Win32
		{5C8A1EE6-FCD9-4D01-A91D-377C932E3598}.Debug|x86.Build.0 = Debug|Win32
		{5C8A1EE6-FCD9-4D01-A91D-377C932E3598}.Release|x64.ActiveCfg = Release|x64
		{5C8A1EE6-FCD9-4D01-A91D-377C932E3598}.Release|x64.Build.0 = Release|x64
		{5C8A1EE6-FCD9-4D01-A91D-377C932E3598}.Release|x86.ActiveCfg = Release|Win32
		{5C8A1EE6-FCD9-4D01-A91D-377C932E3598}.Release|x86.Build.0 = Release|Win32
	EndGlobalSection
	GlobalSection(SolutionProperties) = preSolution
		HideSolutionNode = FALSE
	EndGlobalSection
	GlobalSection(ExtensibilityGlobals) = postSolution
		SolutionGuid = {BE03AAA1-777B-4C95-BB5E-E1AC54C10084}
	EndGlobalSection
EndGlobal
